// !$*UTF8*$!
{
	archiveVersion = 1;
	classes = {
	};
	objectVersion = 51;
	objects = {

/* Begin PBXBuildFile section */
		01532480A2E59426F9966B17 /* WeatherListViewControllerTest.swift in Sources */ = {isa = PBXBuildFile; fileRef = A6BE6FA56E2680FD5F799E09 /* WeatherListViewControllerTest.swift */; };
		0EC890C5B2E166FC914CB837 /* WeatherListViewController.storyboard in Resources */ = {isa = PBXBuildFile; fileRef = 13D8EFB0AAC25C1E8AAEB68E /* WeatherListViewController.storyboard */; };
		19C9F3F2A07B4ED27F94689A /* APIError.swift in Sources */ = {isa = PBXBuildFile; fileRef = 7EF8C2F84EB185AC9ED0608C /* APIError.swift */; };
		1A50A383C9DC186B5535350A /* OHHTTPStubs.framework in Embed Frameworks */ = {isa = PBXBuildFile; fileRef = AC9460E487DE439A0E6C60DF /* OHHTTPStubs.framework */; settings = {ATTRIBUTES = (CodeSignOnCopy, RemoveHeadersOnCopy, ); }; };
		1DAC8DE609FAA4D21D926AB6 /* WeatherDetailCell.swift in Sources */ = {isa = PBXBuildFile; fileRef = 9F1D0D2EC582A110DB4C893C /* WeatherDetailCell.swift */; };
		31828C01D6A89D68D8CF45E5 /* APIClient.swift in Sources */ = {isa = PBXBuildFile; fileRef = E073C17B5707794D5049DCB2 /* APIClient.swift */; };
		3F2F35AA8CE9F70A18A29779 /* MockWeatherListView.swift in Sources */ = {isa = PBXBuildFile; fileRef = CB841418D282062F5E677203 /* MockWeatherListView.swift */; };
		4A994542DD82EB9EA216D68E /* SceneDelegate.swift in Sources */ = {isa = PBXBuildFile; fileRef = AE1260BB35B8B8107B838572 /* SceneDelegate.swift */; };
		54B8C33CAABCAF8198900580 /* Alamofire.framework in Frameworks */ = {isa = PBXBuildFile; fileRef = EE07619554480286FA72C545 /* Alamofire.framework */; };
		5F0682A0B0BD79F2F617A5B6 /* Alamofire.framework in Frameworks */ = {isa = PBXBuildFile; fileRef = EE07619554480286FA72C545 /* Alamofire.framework */; };
		68D6898F63158AE3CD075A68 /* WeatherDetailPresenter.swift in Sources */ = {isa = PBXBuildFile; fileRef = AA5DCFA71BCA143F749E92D3 /* WeatherDetailPresenter.swift */; };
		710ED450C254093B54D1A0C4 /* Alamofire.framework in Embed Frameworks */ = {isa = PBXBuildFile; fileRef = EE07619554480286FA72C545 /* Alamofire.framework */; settings = {ATTRIBUTES = (CodeSignOnCopy, RemoveHeadersOnCopy, ); }; };
		86B5FC00B961AF2A8EFCCD91 /* Weather.swift in Sources */ = {isa = PBXBuildFile; fileRef = F7D7CE6291706FD5DDE9B706 /* Weather.swift */; };
		8AFDFD93FFDFACAADB323A16 /* MockWeatherListRouter.swift in Sources */ = {isa = PBXBuildFile; fileRef = 426921E5A1D7F5F655DBD442 /* MockWeatherListRouter.swift */; };
		8BC97BBD6F0814101F58ADFC /* TestExtensions.swift in Sources */ = {isa = PBXBuildFile; fileRef = A1046C264E0A6BAB169AA8AB /* TestExtensions.swift */; };
		9012EC2BDF28DBCC394952BF /* AppDelegate.swift in Sources */ = {isa = PBXBuildFile; fileRef = 1613853DFD68C3F7B4622484 /* AppDelegate.swift */; };
		910E285D917723BD364BE29A /* MockWeatherListInteractor.swift in Sources */ = {isa = PBXBuildFile; fileRef = 32A3552DDEC8A858297CD033 /* MockWeatherListInteractor.swift */; };
		924A7650DFF56FA697446938 /* WeatherDetailRouter.swift in Sources */ = {isa = PBXBuildFile; fileRef = 42185B2E8760B04DB061E1A4 /* WeatherDetailRouter.swift */; };
		98DD016A079DBEF17BF4AA13 /* WeatherListInteractorOutput.swift in Sources */ = {isa = PBXBuildFile; fileRef = 9659AA5B06AFB8FB2BC6D786 /* WeatherListInteractorOutput.swift */; };
		B47AC5E72A6268C02C261317 /* WeatherListPresenter.swift in Sources */ = {isa = PBXBuildFile; fileRef = 0A5389011DB2A2DC136C21E4 /* WeatherListPresenter.swift */; };
		C3216391CDA064F557F40199 /* Extentions.swift in Sources */ = {isa = PBXBuildFile; fileRef = BA20B2A83EE02E8C91F42FC8 /* Extentions.swift */; };
		C9BA9E21A065CC7EE79DB14D /* LaunchScreen.storyboard in Resources */ = {isa = PBXBuildFile; fileRef = 2279099FE061465F6D4FB63D /* LaunchScreen.storyboard */; };
		C9C380BBD12B830A41E198E3 /* WeatherListInteractorTests.swift in Sources */ = {isa = PBXBuildFile; fileRef = EB3E78CF6DDD29CA6DE97444 /* WeatherListInteractorTests.swift */; };
		CC2B4FAA79E17A3D4357C93C /* WeatherListViewController.swift in Sources */ = {isa = PBXBuildFile; fileRef = B99B4422CA7CB0F0DD83ED04 /* WeatherListViewController.swift */; };
		CDF10A0E862EF8BA6174B623 /* WeatherListRouterTests.swift in Sources */ = {isa = PBXBuildFile; fileRef = 77C70FDF768421D2312506B7 /* WeatherListRouterTests.swift */; };
		DE2EF119CCA18BF9E61E7730 /* AbstractRequest.swift in Sources */ = {isa = PBXBuildFile; fileRef = 6B6196A35C6E141D8880723D /* AbstractRequest.swift */; };
		DF5F9BDD0C5C2378BA35C6DF /* WeatherDetailViewController.storyboard in Resources */ = {isa = PBXBuildFile; fileRef = C9F5968E44AB4379EB7AF2C0 /* WeatherDetailViewController.storyboard */; };
		E2A350DFEA7419F000BFB43C /* WeatherDetailViewController.swift in Sources */ = {isa = PBXBuildFile; fileRef = 8225B6BE002F9FFF52087802 /* WeatherDetailViewController.swift */; };
		E3001814E21A7DBB7809A599 /* WeatherListRouter.swift in Sources */ = {isa = PBXBuildFile; fileRef = CC595EBD99A06C6A594967C1 /* WeatherListRouter.swift */; };
		E3BFF034FC6B4E30CCEB7E31 /* Assets.xcassets in Resources */ = {isa = PBXBuildFile; fileRef = 7870D358EC209ECCB31244A1 /* Assets.xcassets */; };
		E83C6BB26DB2BC9408A1A45A /* WeatherListPresenterTests.swift in Sources */ = {isa = PBXBuildFile; fileRef = 8DB0D7AB3C7F48F7773F2E13 /* WeatherListPresenterTests.swift */; };
		F33ADEC41FC104CB8B4F34F6 /* RootRouter.swift in Sources */ = {isa = PBXBuildFile; fileRef = 9F4242C7FF288D0CBAF5035A /* RootRouter.swift */; };
		F4D5CFA29A41BE1D99347BAF /* WeatherListInteractor.swift in Sources */ = {isa = PBXBuildFile; fileRef = 8CE417D2D0CA808F2D29463B /* WeatherListInteractor.swift */; };
		F60A1938DDD6E88B497FA63B /* MockWeatherListPresenter.swift in Sources */ = {isa = PBXBuildFile; fileRef = E251FFC1E31E9DBF3E04F8D4 /* MockWeatherListPresenter.swift */; };
		FA730D564114AA217135C6FD /* OHHTTPStubs.framework in Frameworks */ = {isa = PBXBuildFile; fileRef = AC9460E487DE439A0E6C60DF /* OHHTTPStubs.framework */; };
/* End PBXBuildFile section */

/* Begin PBXContainerItemProxy section */
		C91A6D2EC22FE3FE5B303D84 /* PBXContainerItemProxy */ = {
			isa = PBXContainerItemProxy;
			containerPortal = 365C63D5D286C68ED39BC4B1 /* Project object */;
			proxyType = 1;
			remoteGlobalIDString = 3F3D11992B66C3FEB15206B4;
			remoteInfo = VIPER;
		};
/* End PBXContainerItemProxy section */

/* Begin PBXCopyFilesBuildPhase section */
		FE63634A0E2AE31281B276B1 /* Embed Frameworks */ = {
			isa = PBXCopyFilesBuildPhase;
			buildActionMask = 2147483647;
			dstPath = "";
			dstSubfolderSpec = 10;
			files = (
				710ED450C254093B54D1A0C4 /* Alamofire.framework in Embed Frameworks */,
				1A50A383C9DC186B5535350A /* OHHTTPStubs.framework in Embed Frameworks */,
			);
			name = "Embed Frameworks";
			runOnlyForDeploymentPostprocessing = 0;
		};
/* End PBXCopyFilesBuildPhase section */

/* Begin PBXFileReference section */
		0A5389011DB2A2DC136C21E4 /* WeatherListPresenter.swift */ = {isa = PBXFileReference; lastKnownFileType = sourcecode.swift; path = WeatherListPresenter.swift; sourceTree = "<group>"; };
		0CEF318DE87851686C4450E7 /* Base */ = {isa = PBXFileReference; lastKnownFileType = file.storyboard; name = Base; path = Base.lproj/LaunchScreen.storyboard; sourceTree = "<group>"; };
		13D8EFB0AAC25C1E8AAEB68E /* WeatherListViewController.storyboard */ = {isa = PBXFileReference; lastKnownFileType = file.storyboard; path = WeatherListViewController.storyboard; sourceTree = "<group>"; };
		1613853DFD68C3F7B4622484 /* AppDelegate.swift */ = {isa = PBXFileReference; lastKnownFileType = sourcecode.swift; path = AppDelegate.swift; sourceTree = "<group>"; };
		32A3552DDEC8A858297CD033 /* MockWeatherListInteractor.swift */ = {isa = PBXFileReference; lastKnownFileType = sourcecode.swift; path = MockWeatherListInteractor.swift; sourceTree = "<group>"; };
		42185B2E8760B04DB061E1A4 /* WeatherDetailRouter.swift */ = {isa = PBXFileReference; lastKnownFileType = sourcecode.swift; path = WeatherDetailRouter.swift; sourceTree = "<group>"; };
		426921E5A1D7F5F655DBD442 /* MockWeatherListRouter.swift */ = {isa = PBXFileReference; lastKnownFileType = sourcecode.swift; path = MockWeatherListRouter.swift; sourceTree = "<group>"; };
		526C0A7A11A99EF2523FD886 /* Info.plist */ = {isa = PBXFileReference; lastKnownFileType = text.plist; path = Info.plist; sourceTree = "<group>"; };
		6B6196A35C6E141D8880723D /* AbstractRequest.swift */ = {isa = PBXFileReference; lastKnownFileType = sourcecode.swift; path = AbstractRequest.swift; sourceTree = "<group>"; };
		70E30420A9E8956B656EA337 /* Info.plist */ = {isa = PBXFileReference; lastKnownFileType = text.plist; path = Info.plist; sourceTree = "<group>"; };
		77C70FDF768421D2312506B7 /* WeatherListRouterTests.swift */ = {isa = PBXFileReference; lastKnownFileType = sourcecode.swift; path = WeatherListRouterTests.swift; sourceTree = "<group>"; };
		7870D358EC209ECCB31244A1 /* Assets.xcassets */ = {isa = PBXFileReference; lastKnownFileType = folder.assetcatalog; path = Assets.xcassets; sourceTree = "<group>"; };
		7EF8C2F84EB185AC9ED0608C /* APIError.swift */ = {isa = PBXFileReference; lastKnownFileType = sourcecode.swift; path = APIError.swift; sourceTree = "<group>"; };
		8225B6BE002F9FFF52087802 /* WeatherDetailViewController.swift */ = {isa = PBXFileReference; lastKnownFileType = sourcecode.swift; path = WeatherDetailViewController.swift; sourceTree = "<group>"; };
		8CE417D2D0CA808F2D29463B /* WeatherListInteractor.swift */ = {isa = PBXFileReference; lastKnownFileType = sourcecode.swift; path = WeatherListInteractor.swift; sourceTree = "<group>"; };
		8DB0D7AB3C7F48F7773F2E13 /* WeatherListPresenterTests.swift */ = {isa = PBXFileReference; lastKnownFileType = sourcecode.swift; path = WeatherListPresenterTests.swift; sourceTree = "<group>"; };
		9659AA5B06AFB8FB2BC6D786 /* WeatherListInteractorOutput.swift */ = {isa = PBXFileReference; lastKnownFileType = sourcecode.swift; path = WeatherListInteractorOutput.swift; sourceTree = "<group>"; };
		9F1D0D2EC582A110DB4C893C /* WeatherDetailCell.swift */ = {isa = PBXFileReference; lastKnownFileType = sourcecode.swift; path = WeatherDetailCell.swift; sourceTree = "<group>"; };
		9F4242C7FF288D0CBAF5035A /* RootRouter.swift */ = {isa = PBXFileReference; lastKnownFileType = sourcecode.swift; path = RootRouter.swift; sourceTree = "<group>"; };
		A1046C264E0A6BAB169AA8AB /* TestExtensions.swift */ = {isa = PBXFileReference; lastKnownFileType = sourcecode.swift; path = TestExtensions.swift; sourceTree = "<group>"; };
		A2C571CD31949D2AC0D50E89 /* VIPERTests.xctest */ = {isa = PBXFileReference; includeInIndex = 0; lastKnownFileType = wrapper.cfbundle; path = VIPERTests.xctest; sourceTree = BUILT_PRODUCTS_DIR; };
		A6BE6FA56E2680FD5F799E09 /* WeatherListViewControllerTest.swift */ = {isa = PBXFileReference; lastKnownFileType = sourcecode.swift; path = WeatherListViewControllerTest.swift; sourceTree = "<group>"; };
		AA5DCFA71BCA143F749E92D3 /* WeatherDetailPresenter.swift */ = {isa = PBXFileReference; lastKnownFileType = sourcecode.swift; path = WeatherDetailPresenter.swift; sourceTree = "<group>"; };
		AC9460E487DE439A0E6C60DF /* OHHTTPStubs.framework */ = {isa = PBXFileReference; lastKnownFileType = wrapper.framework; path = OHHTTPStubs.framework; sourceTree = "<group>"; };
		AE1260BB35B8B8107B838572 /* SceneDelegate.swift */ = {isa = PBXFileReference; lastKnownFileType = sourcecode.swift; path = SceneDelegate.swift; sourceTree = "<group>"; };
		B99B4422CA7CB0F0DD83ED04 /* WeatherListViewController.swift */ = {isa = PBXFileReference; lastKnownFileType = sourcecode.swift; path = WeatherListViewController.swift; sourceTree = "<group>"; };
		BA20B2A83EE02E8C91F42FC8 /* Extentions.swift */ = {isa = PBXFileReference; lastKnownFileType = sourcecode.swift; path = Extentions.swift; sourceTree = "<group>"; };
		C9F5968E44AB4379EB7AF2C0 /* WeatherDetailViewController.storyboard */ = {isa = PBXFileReference; lastKnownFileType = file.storyboard; path = WeatherDetailViewController.storyboard; sourceTree = "<group>"; };
		CB841418D282062F5E677203 /* MockWeatherListView.swift */ = {isa = PBXFileReference; lastKnownFileType = sourcecode.swift; path = MockWeatherListView.swift; sourceTree = "<group>"; };
		CC595EBD99A06C6A594967C1 /* WeatherListRouter.swift */ = {isa = PBXFileReference; lastKnownFileType = sourcecode.swift; path = WeatherListRouter.swift; sourceTree = "<group>"; };
		CECCC52C994759B77C9B4EEB /* VIPER.app */ = {isa = PBXFileReference; includeInIndex = 0; lastKnownFileType = wrapper.application; path = VIPER.app; sourceTree = BUILT_PRODUCTS_DIR; };
		E073C17B5707794D5049DCB2 /* APIClient.swift */ = {isa = PBXFileReference; lastKnownFileType = sourcecode.swift; path = APIClient.swift; sourceTree = "<group>"; };
		E251FFC1E31E9DBF3E04F8D4 /* MockWeatherListPresenter.swift */ = {isa = PBXFileReference; lastKnownFileType = sourcecode.swift; path = MockWeatherListPresenter.swift; sourceTree = "<group>"; };
		EB3E78CF6DDD29CA6DE97444 /* WeatherListInteractorTests.swift */ = {isa = PBXFileReference; lastKnownFileType = sourcecode.swift; path = WeatherListInteractorTests.swift; sourceTree = "<group>"; };
		EE07619554480286FA72C545 /* Alamofire.framework */ = {isa = PBXFileReference; lastKnownFileType = wrapper.framework; path = Alamofire.framework; sourceTree = "<group>"; };
		F7D7CE6291706FD5DDE9B706 /* Weather.swift */ = {isa = PBXFileReference; lastKnownFileType = sourcecode.swift; path = Weather.swift; sourceTree = "<group>"; };
/* End PBXFileReference section */

/* Begin PBXFrameworksBuildPhase section */
		82190E93D06CE971F9FD2936 /* Frameworks */ = {
			isa = PBXFrameworksBuildPhase;
			buildActionMask = 2147483647;
			files = (
				54B8C33CAABCAF8198900580 /* Alamofire.framework in Frameworks */,
			);
			runOnlyForDeploymentPostprocessing = 0;
		};
		C96FD0C3D3CDBE83B61961A2 /* Frameworks */ = {
			isa = PBXFrameworksBuildPhase;
			buildActionMask = 2147483647;
			files = (
				5F0682A0B0BD79F2F617A5B6 /* Alamofire.framework in Frameworks */,
				FA730D564114AA217135C6FD /* OHHTTPStubs.framework in Frameworks */,
			);
			runOnlyForDeploymentPostprocessing = 0;
		};
/* End PBXFrameworksBuildPhase section */

/* Begin PBXGroup section */
		0397A5B33A09B11E6D8A90BF /* Modules */ = {
			isa = PBXGroup;
			children = (
				0823BE2E8319C6F561A073C6 /* WeatherList */,
			);
			path = Modules;
			sourceTree = "<group>";
		};
		0823BE2E8319C6F561A073C6 /* WeatherList */ = {
			isa = PBXGroup;
			children = (
				AC68EC64C19D86328568617E /* Interactor */,
				37772DC4FC1E2AF4D13F123D /* Mock */,
				51F28626DB57883FFC165AD9 /* Presenter */,
				F836F6BB256C6B38C19548F1 /* Router */,
				41E27816E7FFFE0D9775473F /* View */,
			);
			path = WeatherList;
			sourceTree = "<group>";
		};
		087A4A21B68171D45C16B2C8 /* VIPERTests */ = {
			isa = PBXGroup;
			children = (
				70E30420A9E8956B656EA337 /* Info.plist */,
				6BFA300E54892FAEFC585595 /* Extension */,
				0397A5B33A09B11E6D8A90BF /* Modules */,
			);
			path = VIPERTests;
			sourceTree = "<group>";
		};
		0A9FCEEE18DF8CA83E6EA31D /* WeatherDetail */ = {
			isa = PBXGroup;
			children = (
				0C2CA4A03A0BB29710B73A4C /* Presenter */,
				706F1D344E419FA6703F7DD4 /* Router */,
				D5174317D8A27D4E1C10C3A4 /* View */,
			);
			path = WeatherDetail;
			sourceTree = "<group>";
		};
		0C2CA4A03A0BB29710B73A4C /* Presenter */ = {
			isa = PBXGroup;
			children = (
				AA5DCFA71BCA143F749E92D3 /* WeatherDetailPresenter.swift */,
			);
			path = Presenter;
			sourceTree = "<group>";
		};
		1574A4C954C7DBF14171AA86 /* Root */ = {
			isa = PBXGroup;
			children = (
				9546085FF83E78767E1D8AA5 /* Router */,
			);
			path = Root;
			sourceTree = "<group>";
		};
		1F249AFB94081DC1EF47D911 /* View */ = {
			isa = PBXGroup;
			children = (
				13D8EFB0AAC25C1E8AAEB68E /* WeatherListViewController.storyboard */,
				B99B4422CA7CB0F0DD83ED04 /* WeatherListViewController.swift */,
			);
			path = View;
			sourceTree = "<group>";
		};
		237B9724582B95044E8D365F /* Carthage */ = {
			isa = PBXGroup;
			children = (
				66FCA45B5CAFEE8616E31080 /* iOS */,
			);
			name = Carthage;
			path = Carthage/Build;
			sourceTree = "<group>";
		};
		31C29FC682E9FBA62D099551 /* Extentions */ = {
			isa = PBXGroup;
			children = (
				BA20B2A83EE02E8C91F42FC8 /* Extentions.swift */,
			);
			path = Extentions;
			sourceTree = "<group>";
		};
		36524BD44417B382ACDAE183 /* SubViews */ = {
			isa = PBXGroup;
			children = (
				9F1D0D2EC582A110DB4C893C /* WeatherDetailCell.swift */,
			);
			path = SubViews;
			sourceTree = "<group>";
		};
		37772DC4FC1E2AF4D13F123D /* Mock */ = {
			isa = PBXGroup;
			children = (
				32A3552DDEC8A858297CD033 /* MockWeatherListInteractor.swift */,
				E251FFC1E31E9DBF3E04F8D4 /* MockWeatherListPresenter.swift */,
				426921E5A1D7F5F655DBD442 /* MockWeatherListRouter.swift */,
				CB841418D282062F5E677203 /* MockWeatherListView.swift */,
			);
			path = Mock;
			sourceTree = "<group>";
		};
		41E27816E7FFFE0D9775473F /* View */ = {
			isa = PBXGroup;
			children = (
				A6BE6FA56E2680FD5F799E09 /* WeatherListViewControllerTest.swift */,
			);
			path = View;
			sourceTree = "<group>";
		};
		50A716093CD23AF9C98E525D /* VIPER */ = {
			isa = PBXGroup;
			children = (
				1613853DFD68C3F7B4622484 /* AppDelegate.swift */,
				7870D358EC209ECCB31244A1 /* Assets.xcassets */,
				526C0A7A11A99EF2523FD886 /* Info.plist */,
				2279099FE061465F6D4FB63D /* LaunchScreen.storyboard */,
				AE1260BB35B8B8107B838572 /* SceneDelegate.swift */,
				31C29FC682E9FBA62D099551 /* Extentions */,
				8400909E41C6FFDCDCD28F57 /* Modules */,
				C74F2FB722A0DFF70470F248 /* Request */,
			);
			path = VIPER;
			sourceTree = "<group>";
		};
		51F28626DB57883FFC165AD9 /* Presenter */ = {
			isa = PBXGroup;
			children = (
				8DB0D7AB3C7F48F7773F2E13 /* WeatherListPresenterTests.swift */,
			);
			path = Presenter;
			sourceTree = "<group>";
		};
		66FCA45B5CAFEE8616E31080 /* iOS */ = {
			isa = PBXGroup;
			children = (
				EE07619554480286FA72C545 /* Alamofire.framework */,
				AC9460E487DE439A0E6C60DF /* OHHTTPStubs.framework */,
			);
			path = iOS;
			sourceTree = "<group>";
		};
		6BFA300E54892FAEFC585595 /* Extension */ = {
			isa = PBXGroup;
			children = (
				A1046C264E0A6BAB169AA8AB /* TestExtensions.swift */,
			);
			path = Extension;
			sourceTree = "<group>";
		};
		6C6A83CFBDFC7C77C3643BF8 /* Output */ = {
			isa = PBXGroup;
			children = (
				9659AA5B06AFB8FB2BC6D786 /* WeatherListInteractorOutput.swift */,
			);
			path = Output;
			sourceTree = "<group>";
		};
		706F1D344E419FA6703F7DD4 /* Router */ = {
			isa = PBXGroup;
			children = (
				42185B2E8760B04DB061E1A4 /* WeatherDetailRouter.swift */,
			);
			path = Router;
			sourceTree = "<group>";
		};
		83FB40FA2853035228136F13 /* Interactor */ = {
			isa = PBXGroup;
			children = (
				8CE417D2D0CA808F2D29463B /* WeatherListInteractor.swift */,
				6C6A83CFBDFC7C77C3643BF8 /* Output */,
			);
			path = Interactor;
			sourceTree = "<group>";
		};
		8400909E41C6FFDCDCD28F57 /* Modules */ = {
			isa = PBXGroup;
			children = (
				1574A4C954C7DBF14171AA86 /* Root */,
				0A9FCEEE18DF8CA83E6EA31D /* WeatherDetail */,
				DBF46C924841B0D5200775CB /* WeatherList */,
			);
			path = Modules;
			sourceTree = "<group>";
		};
		87FA09B0B6D3467DABC2472D /* Entity */ = {
			isa = PBXGroup;
			children = (
				F7D7CE6291706FD5DDE9B706 /* Weather.swift */,
			);
			path = Entity;
			sourceTree = "<group>";
		};
		9546085FF83E78767E1D8AA5 /* Router */ = {
			isa = PBXGroup;
			children = (
				9F4242C7FF288D0CBAF5035A /* RootRouter.swift */,
			);
			path = Router;
			sourceTree = "<group>";
		};
		A4C2BCBFDD656765BAB1851F /* Frameworks */ = {
			isa = PBXGroup;
			children = (
				237B9724582B95044E8D365F /* Carthage */,
			);
			name = Frameworks;
			sourceTree = "<group>";
		};
		AC68EC64C19D86328568617E /* Interactor */ = {
			isa = PBXGroup;
			children = (
				EB3E78CF6DDD29CA6DE97444 /* WeatherListInteractorTests.swift */,
			);
			path = Interactor;
			sourceTree = "<group>";
		};
		B6AE6B605281D2E174D6E70B /* Presenter */ = {
			isa = PBXGroup;
			children = (
				0A5389011DB2A2DC136C21E4 /* WeatherListPresenter.swift */,
			);
			path = Presenter;
			sourceTree = "<group>";
		};
		C74F2FB722A0DFF70470F248 /* Request */ = {
			isa = PBXGroup;
			children = (
				6B6196A35C6E141D8880723D /* AbstractRequest.swift */,
				E073C17B5707794D5049DCB2 /* APIClient.swift */,
				7EF8C2F84EB185AC9ED0608C /* APIError.swift */,
			);
			path = Request;
			sourceTree = "<group>";
		};
		D5174317D8A27D4E1C10C3A4 /* View */ = {
			isa = PBXGroup;
			children = (
				C9F5968E44AB4379EB7AF2C0 /* WeatherDetailViewController.storyboard */,
				8225B6BE002F9FFF52087802 /* WeatherDetailViewController.swift */,
				36524BD44417B382ACDAE183 /* SubViews */,
			);
			path = View;
			sourceTree = "<group>";
		};
		DAF35A04955D07AFA3DCF1F9 /* Products */ = {
			isa = PBXGroup;
			children = (
				CECCC52C994759B77C9B4EEB /* VIPER.app */,
				A2C571CD31949D2AC0D50E89 /* VIPERTests.xctest */,
			);
			name = Products;
			sourceTree = "<group>";
		};
		DBF46C924841B0D5200775CB /* WeatherList */ = {
			isa = PBXGroup;
			children = (
				87FA09B0B6D3467DABC2472D /* Entity */,
				83FB40FA2853035228136F13 /* Interactor */,
				B6AE6B605281D2E174D6E70B /* Presenter */,
				E30A4BE26673DACE1D4A4983 /* Router */,
				1F249AFB94081DC1EF47D911 /* View */,
			);
			path = WeatherList;
			sourceTree = "<group>";
		};
		E30A4BE26673DACE1D4A4983 /* Router */ = {
			isa = PBXGroup;
			children = (
				CC595EBD99A06C6A594967C1 /* WeatherListRouter.swift */,
			);
			path = Router;
			sourceTree = "<group>";
		};
		F5759B9019A67E0770F47FF0 = {
			isa = PBXGroup;
			children = (
				50A716093CD23AF9C98E525D /* VIPER */,
				087A4A21B68171D45C16B2C8 /* VIPERTests */,
				A4C2BCBFDD656765BAB1851F /* Frameworks */,
				DAF35A04955D07AFA3DCF1F9 /* Products */,
			);
			sourceTree = "<group>";
		};
		F836F6BB256C6B38C19548F1 /* Router */ = {
			isa = PBXGroup;
			children = (
				77C70FDF768421D2312506B7 /* WeatherListRouterTests.swift */,
			);
			path = Router;
			sourceTree = "<group>";
		};
/* End PBXGroup section */

/* Begin PBXNativeTarget section */
		3F3D11992B66C3FEB15206B4 /* VIPER */ = {
			isa = PBXNativeTarget;
			buildConfigurationList = 2063FE5DD87C4AE761F8EE6E /* Build configuration list for PBXNativeTarget "VIPER" */;
			buildPhases = (
				DA56C6F86ABD61B29837E934 /* Sources */,
				A05C7657857E91E59CC7578C /* Carthage Settings */,
				7F2EF19E42AD845C9CC4791A /* Resources */,
				5AF6BE7FC06AF61781A40D15 /* Carthage */,
				82190E93D06CE971F9FD2936 /* Frameworks */,
			);
			buildRules = (
			);
			dependencies = (
			);
			name = VIPER;
			productName = VIPER;
			productReference = CECCC52C994759B77C9B4EEB /* VIPER.app */;
			productType = "com.apple.product-type.application";
		};
		EFC633CB924BE18F9C2720E1 /* VIPERTests */ = {
			isa = PBXNativeTarget;
			buildConfigurationList = B3431B313F47FF9597F90928 /* Build configuration list for PBXNativeTarget "VIPERTests" */;
			buildPhases = (
				B7794B4BC8098E8249EEBD3D /* Sources */,
				C96FD0C3D3CDBE83B61961A2 /* Frameworks */,
				FE63634A0E2AE31281B276B1 /* Embed Frameworks */,
			);
			buildRules = (
			);
			dependencies = (
				FF6B2300B26B3A6378507336 /* PBXTargetDependency */,
			);
			name = VIPERTests;
			productName = VIPERTests;
			productReference = A2C571CD31949D2AC0D50E89 /* VIPERTests.xctest */;
			productType = "com.apple.product-type.bundle.unit-test";
		};
/* End PBXNativeTarget section */

/* Begin PBXProject section */
		365C63D5D286C68ED39BC4B1 /* Project object */ = {
			isa = PBXProject;
			attributes = {
				LastUpgradeCheck = 1020;
				TargetAttributes = {
					EFC633CB924BE18F9C2720E1 = {
						TestTargetID = 3F3D11992B66C3FEB15206B4;
					};
				};
			};
			buildConfigurationList = 54D821C35DEE982657DA2A0A /* Build configuration list for PBXProject "VIPER" */;
			compatibilityVersion = "Xcode 10.0";
			developmentRegion = en;
			hasScannedForEncodings = 0;
			knownRegions = (
				Base,
			);
			mainGroup = F5759B9019A67E0770F47FF0;
			projectDirPath = "";
			projectRoot = "";
			targets = (
				3F3D11992B66C3FEB15206B4 /* VIPER */,
				EFC633CB924BE18F9C2720E1 /* VIPERTests */,
			);
		};
/* End PBXProject section */

/* Begin PBXResourcesBuildPhase section */
		7F2EF19E42AD845C9CC4791A /* Resources */ = {
			isa = PBXResourcesBuildPhase;
			buildActionMask = 2147483647;
			files = (
				E3BFF034FC6B4E30CCEB7E31 /* Assets.xcassets in Resources */,
				C9BA9E21A065CC7EE79DB14D /* LaunchScreen.storyboard in Resources */,
				DF5F9BDD0C5C2378BA35C6DF /* WeatherDetailViewController.storyboard in Resources */,
				0EC890C5B2E166FC914CB837 /* WeatherListViewController.storyboard in Resources */,
			);
			runOnlyForDeploymentPostprocessing = 0;
		};
/* End PBXResourcesBuildPhase section */

/* Begin PBXShellScriptBuildPhase section */
		5AF6BE7FC06AF61781A40D15 /* Carthage */ = {
			isa = PBXShellScriptBuildPhase;
			buildActionMask = 2147483647;
			files = (
			);
			inputPaths = (
				"$(SRCROOT)/Carthage/Build/iOS/Alamofire.framework",
			);
			name = Carthage;
			outputPaths = (
				"$(BUILT_PRODUCTS_DIR)/$(FRAMEWORKS_FOLDER_PATH)/Alamofire.framework",
			);
			runOnlyForDeploymentPostprocessing = 0;
			shellPath = /bin/sh;
			shellScript = "mint run Carthage/Carthage carthage copy-frameworks\n";
		};
		A05C7657857E91E59CC7578C /* Carthage Settings */ = {
			isa = PBXShellScriptBuildPhase;
			buildActionMask = 2147483647;
			files = (
			);
			inputFileListPaths = (
			);
			inputPaths = (
				"$(SRCROOT)/Carthage/Build/iOS/Alamofire.framework",
			);
			name = "Carthage Settings";
			outputFileListPaths = (
			);
			outputPaths = (
			);
			runOnlyForDeploymentPostprocessing = 0;
			shellPath = /bin/sh;
			shellScript = "/usr/local/bin/carthage copy-frameworks\n";
		};
/* End PBXShellScriptBuildPhase section */

/* Begin PBXSourcesBuildPhase section */
		B7794B4BC8098E8249EEBD3D /* Sources */ = {
			isa = PBXSourcesBuildPhase;
			buildActionMask = 2147483647;
			files = (
				910E285D917723BD364BE29A /* MockWeatherListInteractor.swift in Sources */,
				F60A1938DDD6E88B497FA63B /* MockWeatherListPresenter.swift in Sources */,
				8AFDFD93FFDFACAADB323A16 /* MockWeatherListRouter.swift in Sources */,
				3F2F35AA8CE9F70A18A29779 /* MockWeatherListView.swift in Sources */,
				8BC97BBD6F0814101F58ADFC /* TestExtensions.swift in Sources */,
				C9C380BBD12B830A41E198E3 /* WeatherListInteractorTests.swift in Sources */,
				E83C6BB26DB2BC9408A1A45A /* WeatherListPresenterTests.swift in Sources */,
				CDF10A0E862EF8BA6174B623 /* WeatherListRouterTests.swift in Sources */,
				01532480A2E59426F9966B17 /* WeatherListViewControllerTest.swift in Sources */,
			);
			runOnlyForDeploymentPostprocessing = 0;
		};
		DA56C6F86ABD61B29837E934 /* Sources */ = {
			isa = PBXSourcesBuildPhase;
			buildActionMask = 2147483647;
			files = (
				31828C01D6A89D68D8CF45E5 /* APIClient.swift in Sources */,
				19C9F3F2A07B4ED27F94689A /* APIError.swift in Sources */,
				DE2EF119CCA18BF9E61E7730 /* AbstractRequest.swift in Sources */,
				9012EC2BDF28DBCC394952BF /* AppDelegate.swift in Sources */,
				C3216391CDA064F557F40199 /* Extentions.swift in Sources */,
				F33ADEC41FC104CB8B4F34F6 /* RootRouter.swift in Sources */,
				4A994542DD82EB9EA216D68E /* SceneDelegate.swift in Sources */,
				86B5FC00B961AF2A8EFCCD91 /* Weather.swift in Sources */,
				1DAC8DE609FAA4D21D926AB6 /* WeatherDetailCell.swift in Sources */,
				68D6898F63158AE3CD075A68 /* WeatherDetailPresenter.swift in Sources */,
				924A7650DFF56FA697446938 /* WeatherDetailRouter.swift in Sources */,
				E2A350DFEA7419F000BFB43C /* WeatherDetailViewController.swift in Sources */,
				F4D5CFA29A41BE1D99347BAF /* WeatherListInteractor.swift in Sources */,
				98DD016A079DBEF17BF4AA13 /* WeatherListInteractorOutput.swift in Sources */,
				B47AC5E72A6268C02C261317 /* WeatherListPresenter.swift in Sources */,
				E3001814E21A7DBB7809A599 /* WeatherListRouter.swift in Sources */,
				CC2B4FAA79E17A3D4357C93C /* WeatherListViewController.swift in Sources */,
			);
			runOnlyForDeploymentPostprocessing = 0;
		};
/* End PBXSourcesBuildPhase section */

/* Begin PBXTargetDependency section */
		FF6B2300B26B3A6378507336 /* PBXTargetDependency */ = {
			isa = PBXTargetDependency;
			target = 3F3D11992B66C3FEB15206B4 /* VIPER */;
			targetProxy = C91A6D2EC22FE3FE5B303D84 /* PBXContainerItemProxy */;
		};
/* End PBXTargetDependency section */

/* Begin PBXVariantGroup section */
		2279099FE061465F6D4FB63D /* LaunchScreen.storyboard */ = {
			isa = PBXVariantGroup;
			children = (
				0CEF318DE87851686C4450E7 /* Base */,
			);
			name = LaunchScreen.storyboard;
			sourceTree = "<group>";
		};
/* End PBXVariantGroup section */

/* Begin XCBuildConfiguration section */
		44C81014E785836CDAC6BFF9 /* Debug */ = {
			isa = XCBuildConfiguration;
			buildSettings = {
				BUNDLE_LOADER = "$(TEST_HOST)";
				FRAMEWORK_SEARCH_PATHS = (
					"$(inherited)",
					"$(PROJECT_DIR)/Carthage/Build/iOS",
				);
				INFOPLIST_FILE = VIPERTests/Info.plist;
				LD_RUNPATH_SEARCH_PATHS = (
					"$(inherited)",
					"@executable_path/Frameworks",
					"@loader_path/Frameworks",
				);
				PRODUCT_BUNDLE_IDENTIFIER = com.lcr.VIPER.test;
				SDKROOT = iphoneos;
				TARGETED_DEVICE_FAMILY = "1,2";
				TEST_HOST = "$(BUILT_PRODUCTS_DIR)/VIPER.app/VIPER";
				TEST_TARGET_NAME = VIPER;
			};
			name = Debug;
		};
		888B8A8F3D6E30B7647AE788 /* Debug */ = {
			isa = XCBuildConfiguration;
			buildSettings = {
				ASSETCATALOG_COMPILER_APPICON_NAME = AppIcon;
				CODE_SIGN_IDENTITY = "iPhone Developer";
				FRAMEWORK_SEARCH_PATHS = (
					"$(inherited)",
					"$(PROJECT_DIR)/Carthage/Build/iOS",
				);
				INFOPLIST_FILE = VIPER/Info.plist;
				LD_RUNPATH_SEARCH_PATHS = (
					"$(inherited)",
					"@executable_path/Frameworks",
				);
				PRODUCT_BUNDLE_IDENTIFIER = com.lcr.VIPER;
				SDKROOT = iphoneos;
				TARGETED_DEVICE_FAMILY = "1,2";
			};
			name = Debug;
		};
		C6AA9E0156A28956EBCA8140 /* Release */ = {
			isa = XCBuildConfiguration;
			buildSettings = {
				ALWAYS_SEARCH_USER_PATHS = NO;
				CLANG_ANALYZER_NONNULL = YES;
				CLANG_ANALYZER_NUMBER_OBJECT_CONVERSION = YES_AGGRESSIVE;
				CLANG_CXX_LANGUAGE_STANDARD = "gnu++14";
				CLANG_CXX_LIBRARY = "libc++";
				CLANG_ENABLE_MODULES = YES;
				CLANG_ENABLE_OBJC_ARC = YES;
				CLANG_WARN_BLOCK_CAPTURE_AUTORELEASING = YES;
				CLANG_WARN_BOOL_CONVERSION = YES;
				CLANG_WARN_COMMA = YES;
				CLANG_WARN_CONSTANT_CONVERSION = YES;
				CLANG_WARN_DEPRECATED_OBJC_IMPLEMENTATIONS = YES;
				CLANG_WARN_DIRECT_OBJC_ISA_USAGE = YES_ERROR;
				CLANG_WARN_DOCUMENTATION_COMMENTS = YES;
				CLANG_WARN_EMPTY_BODY = YES;
				CLANG_WARN_ENUM_CONVERSION = YES;
				CLANG_WARN_INFINITE_RECURSION = YES;
				CLANG_WARN_INT_CONVERSION = YES;
				CLANG_WARN_NON_LITERAL_NULL_CONVERSION = YES;
				CLANG_WARN_OBJC_IMPLICIT_RETAIN_SELF = YES;
				CLANG_WARN_OBJC_LITERAL_CONVERSION = YES;
				CLANG_WARN_OBJC_ROOT_CLASS = YES_ERROR;
				CLANG_WARN_RANGE_LOOP_ANALYSIS = YES;
				CLANG_WARN_STRICT_PROTOTYPES = YES;
				CLANG_WARN_SUSPICIOUS_MOVE = YES;
				CLANG_WARN_UNGUARDED_AVAILABILITY = YES_AGGRESSIVE;
				CLANG_WARN_UNREACHABLE_CODE = YES;
				CLANG_WARN__DUPLICATE_METHOD_MATCH = YES;
				COPY_PHASE_STRIP = NO;
				CURRENT_PROJECT_VERSION = 1;
				DEBUG_INFORMATION_FORMAT = "dwarf-with-dsym";
				ENABLE_NS_ASSERTIONS = NO;
				ENABLE_STRICT_OBJC_MSGSEND = YES;
				GCC_C_LANGUAGE_STANDARD = gnu11;
				GCC_NO_COMMON_BLOCKS = YES;
				GCC_WARN_64_TO_32_BIT_CONVERSION = YES;
				GCC_WARN_ABOUT_RETURN_TYPE = YES_ERROR;
				GCC_WARN_UNDECLARED_SELECTOR = YES;
				GCC_WARN_UNINITIALIZED_AUTOS = YES_AGGRESSIVE;
				GCC_WARN_UNUSED_FUNCTION = YES;
				GCC_WARN_UNUSED_VARIABLE = YES;
				IPHONEOS_DEPLOYMENT_TARGET = 13.0;
				PRODUCT_NAME = $TARGET_NAME;
				SDKROOT = iphoneos;
				SWIFT_COMPILATION_MODE = wholemodule;
				SWIFT_VERSION = 5.0;
				VALIDATE_PRODUCT = YES;
			};
			name = Release;
		};
		C6AF1C3ABB4BB505FEE55769 /* Release */ = {
			isa = XCBuildConfiguration;
			buildSettings = {
				ASSETCATALOG_COMPILER_APPICON_NAME = AppIcon;
				CODE_SIGN_IDENTITY = "iPhone Developer";
				FRAMEWORK_SEARCH_PATHS = (
					"$(inherited)",
					"$(PROJECT_DIR)/Carthage/Build/iOS",
				);
				INFOPLIST_FILE = VIPER/Info.plist;
				LD_RUNPATH_SEARCH_PATHS = (
					"$(inherited)",
					"@executable_path/Frameworks",
				);
				PRODUCT_BUNDLE_IDENTIFIER = com.lcr.VIPER;
				SDKROOT = iphoneos;
				TARGETED_DEVICE_FAMILY = "1,2";
			};
			name = Release;
		};
		D522E88E0CE57D23111302D5 /* Debug */ = {
			isa = XCBuildConfiguration;
			buildSettings = {
				ALWAYS_SEARCH_USER_PATHS = NO;
				CLANG_ANALYZER_NONNULL = YES;
				CLANG_ANALYZER_NUMBER_OBJECT_CONVERSION = YES_AGGRESSIVE;
				CLANG_CXX_LANGUAGE_STANDARD = "gnu++14";
				CLANG_CXX_LIBRARY = "libc++";
				CLANG_ENABLE_MODULES = YES;
				CLANG_ENABLE_OBJC_ARC = YES;
				CLANG_WARN_BLOCK_CAPTURE_AUTORELEASING = YES;
				CLANG_WARN_BOOL_CONVERSION = YES;
				CLANG_WARN_COMMA = YES;
				CLANG_WARN_CONSTANT_CONVERSION = YES;
				CLANG_WARN_DEPRECATED_OBJC_IMPLEMENTATIONS = YES;
				CLANG_WARN_DIRECT_OBJC_ISA_USAGE = YES_ERROR;
				CLANG_WARN_DOCUMENTATION_COMMENTS = YES;
				CLANG_WARN_EMPTY_BODY = YES;
				CLANG_WARN_ENUM_CONVERSION = YES;
				CLANG_WARN_INFINITE_RECURSION = YES;
				CLANG_WARN_INT_CONVERSION = YES;
				CLANG_WARN_NON_LITERAL_NULL_CONVERSION = YES;
				CLANG_WARN_OBJC_IMPLICIT_RETAIN_SELF = YES;
				CLANG_WARN_OBJC_LITERAL_CONVERSION = YES;
				CLANG_WARN_OBJC_ROOT_CLASS = YES_ERROR;
				CLANG_WARN_RANGE_LOOP_ANALYSIS = YES;
				CLANG_WARN_STRICT_PROTOTYPES = YES;
				CLANG_WARN_SUSPICIOUS_MOVE = YES;
				CLANG_WARN_UNGUARDED_AVAILABILITY = YES_AGGRESSIVE;
				CLANG_WARN_UNREACHABLE_CODE = YES;
				CLANG_WARN__DUPLICATE_METHOD_MATCH = YES;
				COPY_PHASE_STRIP = NO;
				CURRENT_PROJECT_VERSION = 1;
				DEBUG_INFORMATION_FORMAT = dwarf;
				ENABLE_STRICT_OBJC_MSGSEND = YES;
				ENABLE_TESTABILITY = YES;
				GCC_C_LANGUAGE_STANDARD = gnu11;
				GCC_DYNAMIC_NO_PIC = NO;
				GCC_NO_COMMON_BLOCKS = YES;
				GCC_OPTIMIZATION_LEVEL = 0;
				GCC_PREPROCESSOR_DEFINITIONS = (
					"$(inherited)",
					"DEBUG=1",
				);
				GCC_WARN_64_TO_32_BIT_CONVERSION = YES;
				GCC_WARN_ABOUT_RETURN_TYPE = YES_ERROR;
				GCC_WARN_UNDECLARED_SELECTOR = YES;
				GCC_WARN_UNINITIALIZED_AUTOS = YES_AGGRESSIVE;
				GCC_WARN_UNUSED_FUNCTION = YES;
				GCC_WARN_UNUSED_VARIABLE = YES;
				IPHONEOS_DEPLOYMENT_TARGET = 13.0;
				MTL_ENABLE_DEBUG_INFO = YES;
				ONLY_ACTIVE_ARCH = YES;
				PRODUCT_NAME = $TARGET_NAME;
				SDKROOT = iphoneos;
				SWIFT_ACTIVE_COMPILATION_CONDITIONS = DEBUG;
				SWIFT_OPTIMIZATION_LEVEL = "-Onone";
				SWIFT_VERSION = 5.0;
			};
			name = Debug;
		};
		ED02D979E77A021BB0737D29 /* Release */ = {
			isa = XCBuildConfiguration;
			buildSettings = {
				BUNDLE_LOADER = "$(TEST_HOST)";
				FRAMEWORK_SEARCH_PATHS = (
					"$(inherited)",
					"$(PROJECT_DIR)/Carthage/Build/iOS",
				);
				INFOPLIST_FILE = VIPERTests/Info.plist;
				LD_RUNPATH_SEARCH_PATHS = (
					"$(inherited)",
					"@executable_path/Frameworks",
					"@loader_path/Frameworks",
				);
				PRODUCT_BUNDLE_IDENTIFIER = com.lcr.VIPER.test;
				SDKROOT = iphoneos;
				TARGETED_DEVICE_FAMILY = "1,2";
				TEST_HOST = "$(BUILT_PRODUCTS_DIR)/VIPER.app/VIPER";
				TEST_TARGET_NAME = VIPER;
			};
			name = Release;
		};
/* End XCBuildConfiguration section */

/* Begin XCConfigurationList section */
		2063FE5DD87C4AE761F8EE6E /* Build configuration list for PBXNativeTarget "VIPER" */ = {
			isa = XCConfigurationList;
			buildConfigurations = (
				888B8A8F3D6E30B7647AE788 /* Debug */,
				C6AF1C3ABB4BB505FEE55769 /* Release */,
			);
			defaultConfigurationIsVisible = 0;
			defaultConfigurationName = "";
		};
		54D821C35DEE982657DA2A0A /* Build configuration list for PBXProject "VIPER" */ = {
			isa = XCConfigurationList;
			buildConfigurations = (
				D522E88E0CE57D23111302D5 /* Debug */,
				C6AA9E0156A28956EBCA8140 /* Release */,
			);
			defaultConfigurationIsVisible = 0;
			defaultConfigurationName = Debug;
		};
		B3431B313F47FF9597F90928 /* Build configuration list for PBXNativeTarget "VIPERTests" */ = {
			isa = XCConfigurationList;
			buildConfigurations = (
				44C81014E785836CDAC6BFF9 /* Debug */,
				ED02D979E77A021BB0737D29 /* Release */,
			);
			defaultConfigurationIsVisible = 0;
			defaultConfigurationName = "";
		};
/* End XCConfigurationList section */
	};
	rootObject = 365C63D5D286C68ED39BC4B1 /* Project object */;
}
